
Microsoft Visual Studio Solution File, Format Version 12.00
# Visual Studio Version 17
VisualStudioVersion = 17.5.33502.453
MinimumVisualStudioVersion = 10.0.40219.1
Project("{FAE04EC0-301F-11D3-BF4B-00C04F79EFBC}") = "ManejoPresupuesto", "ManejoPresupuesto\ManejoPresupuesto.csproj", "{AC720C1C-7032-46EF-9009-7AA2EBA2CCD5}"
EndProject
Global
	GlobalSection(SolutionConfigurationPlatforms) = preSolution
		Debug|Any CPU = Debug|Any CPU
		Release|Any CPU = Release|Any CPU
	EndGlobalSection
	GlobalSection(ProjectConfigurationPlatforms) = postSolution
		{AC720C1C-7032-46EF-9009-7AA2EBA2CCD5}.Debug|Any CPU.ActiveCfg = Debug|Any CPU
		{AC720C1C-7032-46EF-9009-7AA2EBA2CCD5}.Debug|Any CPU.Build.0 = Debug|Any CPU
		{AC720C1C-7032-46EF-9009-7AA2EBA2CCD5}.Release|Any CPU.ActiveCfg = Release|Any CPU
		{AC720C1C-7032-46EF-9009-7AA2EBA2CCD5}.Release|Any CPU.Build.0 = Release|Any CPU
	EndGlobalSection
	GlobalSection(SolutionProperties) = preSolution
		HideSolutionNode = FALSE
	EndGlobalSection
	GlobalSection(ExtensibilityGlobals) = postSolution
		SolutionGuid = {AEE47FBC-E96E-46BC-BFBC-9C853C3DFFE1}
	EndGlobalSection
EndGlobal
